
Microsoft Visual Studio Solution File, Format Version 12.00
# Visual Studio Version 16
VisualStudioVersion = 16.0.31729.503
MinimumVisualStudioVersion = 10.0.40219.1
Project("{9A19103F-16F7-4668-BE54-9A1E7A4F7556}") = "news", "news\news.csproj", "{1D8AEB90-D23F-4ED7-B50D-34B5D243D07D}"
EndProject
Global
	GlobalSection(SolutionConfigurationPlatforms) = preSolution
		Debug|Any CPU = Debug|Any CPU
		Release|Any CPU = Release|Any CPU
	EndGlobalSection
	GlobalSection(ProjectConfigurationPlatforms) = postSolution
		{1D8AEB90-D23F-4ED7-B50D-34B5D243D07D}.Debug|Any CPU.ActiveCfg = Debug|Any CPU
		{1D8AEB90-D23F-4ED7-B50D-34B5D243D07D}.Debug|Any CPU.Build.0 = Debug|Any CPU
		{1D8AEB90-D23F-4ED7-B50D-34B5D243D07D}.Release|Any CPU.ActiveCfg = Release|Any CPU
		{1D8AEB90-D23F-4ED7-B50D-34B5D243D07D}.Release|Any CPU.Build.0 = Release|Any CPU
	EndGlobalSection
	GlobalSection(SolutionProperties) = preSolution
		HideSolutionNode = FALSE
	EndGlobalSection
	GlobalSection(ExtensibilityGlobals) = postSolution
		SolutionGuid = {3A9B8482-99E5-4531-8E56-302EF1CF11F7}
	EndGlobalSection
EndGlobal
